{
  "name": "english-cards",
  "lockfileVersion": 3,
  "requires": true,
  "packages": {
    "": {
      "dependencies": {
        "lucide": "^0.451.0"
      }
    },
    "node_modules/lucide": {
      "version": "0.451.0",
      "resolved": "https://registry.npmjs.org/lucide/-/lucide-0.451.0.tgz",
      "integrity": "sha512-Q2s9e1ay/BUw6pqSEXkBZzuB1412XpEmgT9mORFpShR0LZDD+OeLQZ/RXdn+e0kZ/FEQ9vXJByKzcXzQQ3TVWw=="
    }
  }
}
